lockfileVersion: '9.0'

settings:
  autoInstallPeers: true
  excludeLinksFromLockfile: false

importers:

  .:
    dependencies:
      '@react-oauth/google':
        specifier: ^0.13.5
        version: 0.13.5(react-dom@19.2.7(react@19.2.7))(react@19.2.7)

packages:

  '@react-oauth/google@0.13.5':
    resolution: {integrity: sha512-xQWri2s/3nNekZJ4uuov2aAfQYu83bN3864KcFqw2pK1nNbFurQIjPFDXhWaKH3IjYJ2r/9yyIIpsn5lMqrheQ==}
    peerDependencies:
      react: '>=16.8.0'
      react-dom: '>=16.8.0'

  react-dom@19.2.7:
    resolution: {integrity: sha512-t0BRVXvbiE/o20Hfw669rLbMCDWtYZLvmJigy2f0MxsXF+71pxhR3xOkspmsO8h3ZlNzyibAmtCa3l4lYKk6gQ==}
    peerDependencies:
      react: ^19.2.7

  react@19.2.7:
    resolution: {integrity: sha512-HNe9WslTbXmFK8o8cmwgAeJFSBvt1bPdHCVKtaaV+WlAN36mpT4hcRpwbf3fY56ar2oIXzsBpOAiIRHAdY0OlQ==}
    engines: {node: '>=0.10.0'}

  scheduler@0.27.0:
    resolution: {integrity: sha512-eNv+WrVbKu1f3vbYJT/xtiF5syA5HPIMtf9IgY/nKg0sWqzAUEvqY/xm7OcZc/qafLx/iO9FgOmeSAp4v5ti/Q==}

snapshots:

  '@react-oauth/google@0.13.5(react-dom@19.2.7(react@19.2.7))(react@19.2.7)':
    dependencies:
      react: 19.2.7
      react-dom: 19.2.7(react@19.2.7)

  react-dom@19.2.7(react@19.2.7):
    dependencies:
      react: 19.2.7
      scheduler: 0.27.0

  react@19.2.7: {}

  scheduler@0.27.0: {}
